
Microsoft Visual Studio Solution File, Format Version 12.00
# Visual Studio Version 16
VisualStudioVersion = 16.0.29102.190
MinimumVisualStudioVersion = 10.0.40219.1
Project("{FAE04EC0-301F-11D3-BF4B-00C04F79EFBC}") = "lab5b", "lab5b\lab5b.csproj", "{9830F3F2-B5C3-4D66-9FCB-4BB46617CC97}"
EndProject
Global
	GlobalSection(SolutionConfigurationPlatforms) = preSolution
		Debug|Any CPU = Debug|Any CPU
		Release|Any CPU = Release|Any CPU
	EndGlobalSection
	GlobalSection(ProjectConfigurationPlatforms) = postSolution
		{9830F3F2-B5C3-4D66-9FCB-4BB46617CC97}.Debug|Any CPU.ActiveCfg = Debug|Any CPU
		{9830F3F2-B5C3-4D66-9FCB-4BB46617CC97}.Debug|Any CPU.Build.0 = Debug|Any CPU
		{9830F3F2-B5C3-4D66-9FCB-4BB46617CC97}.Release|Any CPU.ActiveCfg = Release|Any CPU
		{9830F3F2-B5C3-4D66-9FCB-4BB46617CC97}.Release|Any CPU.Build.0 = Release|Any CPU
	EndGlobalSection
	GlobalSection(SolutionProperties) = preSolution
		HideSolutionNode = FALSE
	EndGlobalSection
	GlobalSection(ExtensibilityGlobals) = postSolution
		SolutionGuid = {489DF6EB-94FB-4F44-BA24-5629FB8E0F51}
	EndGlobalSection
EndGlobal
