
Microsoft Visual Studio Solution File, Format Version 12.00
# Visual Studio 15
VisualStudioVersion = 15.0.28307.1000
MinimumVisualStudioVersion = 10.0.40219.1
Project("{9A19103F-16F7-4668-BE54-9A1E7A4F7556}") = "ASP8", "ASP8\ASP8.csproj", "{B6698D46-60A8-4131-8B1E-333C57E6BA96}"
EndProject
Project("{FAE04EC0-301F-11D3-BF4B-00C04F79EFBC}") = "DLLEntity", "DLLEntity\DLLEntity.csproj", "{67B7BE76-3D80-4042-A499-53CDA5939FFC}"
EndProject
Global
	GlobalSection(SolutionConfigurationPlatforms) = preSolution
		Debug|Any CPU = Debug|Any CPU
		Release|Any CPU = Release|Any CPU
	EndGlobalSection
	GlobalSection(ProjectConfigurationPlatforms) = postSolution
		{B6698D46-60A8-4131-8B1E-333C57E6BA96}.Debug|Any CPU.ActiveCfg = Debug|Any CPU
		{B6698D46-60A8-4131-8B1E-333C57E6BA96}.Debug|Any CPU.Build.0 = Debug|Any CPU
		{B6698D46-60A8-4131-8B1E-333C57E6BA96}.Release|Any CPU.ActiveCfg = Release|Any CPU
		{B6698D46-60A8-4131-8B1E-333C57E6BA96}.Release|Any CPU.Build.0 = Release|Any CPU
		{67B7BE76-3D80-4042-A499-53CDA5939FFC}.Debug|Any CPU.ActiveCfg = Debug|Any CPU
		{67B7BE76-3D80-4042-A499-53CDA5939FFC}.Debug|Any CPU.Build.0 = Debug|Any CPU
		{67B7BE76-3D80-4042-A499-53CDA5939FFC}.Release|Any CPU.ActiveCfg = Release|Any CPU
		{67B7BE76-3D80-4042-A499-53CDA5939FFC}.Release|Any CPU.Build.0 = Release|Any CPU
	EndGlobalSection
	GlobalSection(SolutionProperties) = preSolution
		HideSolutionNode = FALSE
	EndGlobalSection
	GlobalSection(ExtensibilityGlobals) = postSolution
		SolutionGuid = {BC5CD572-A447-44D9-AAC0-72370CA6D782}
	EndGlobalSection
EndGlobal
